
Microsoft Visual Studio Solution File, Format Version 12.00
# Visual Studio Version 17
VisualStudioVersion = 17.7.34031.279
MinimumVisualStudioVersion = 10.0.40219.1
Project("{FAE04EC0-301F-11D3-BF4B-00C04F79EFBC}") = "CanvasApplication", "CanvasApplication.csproj", "{44969AD9-60C1-449C-8C2D-CBD242C5DA48}"
EndProject
Project("{FAE04EC0-301F-11D3-BF4B-00C04F79EFBC}") = "CanvasApplicationUnitTests", "..\CanvasApplicationUnitTests\CanvasApplicationUnitTests.csproj", "{B5F440B8-FDFB-4889-A098-8DB2DC8BB719}"
EndProject
Global
	GlobalSection(SolutionConfigurationPlatforms) = preSolution
		Debug|Any CPU = Debug|Any CPU
		Release|Any CPU = Release|Any CPU
	EndGlobalSection
	GlobalSection(ProjectConfigurationPlatforms) = postSolution
		{44969AD9-60C1-449C-8C2D-CBD242C5DA48}.Debug|Any CPU.ActiveCfg = Debug|Any CPU
		{44969AD9-60C1-449C-8C2D-CBD242C5DA48}.Debug|Any CPU.Build.0 = Debug|Any CPU
		{44969AD9-60C1-449C-8C2D-CBD242C5DA48}.Release|Any CPU.ActiveCfg = Release|Any CPU
		{44969AD9-60C1-449C-8C2D-CBD242C5DA48}.Release|Any CPU.Build.0 = Release|Any CPU
		{B5F440B8-FDFB-4889-A098-8DB2DC8BB719}.Debug|Any CPU.ActiveCfg = Debug|Any CPU
		{B5F440B8-FDFB-4889-A098-8DB2DC8BB719}.Debug|Any CPU.Build.0 = Debug|Any CPU
		{B5F440B8-FDFB-4889-A098-8DB2DC8BB719}.Release|Any CPU.ActiveCfg = Release|Any CPU
		{B5F440B8-FDFB-4889-A098-8DB2DC8BB719}.Release|Any CPU.Build.0 = Release|Any CPU
	EndGlobalSection
	GlobalSection(SolutionProperties) = preSolution
		HideSolutionNode = FALSE
	EndGlobalSection
	GlobalSection(ExtensibilityGlobals) = postSolution
		SolutionGuid = {CE3CA610-88B3-4616-A33D-952845B066FF}
	EndGlobalSection
EndGlobal
